<Solution>
  <Configurations>
    <Platform Name="Any CPU" />
    <Platform Name="x64" />
    <Platform Name="x86" />
  </Configurations>
  <Folder Name="/solution-items/">
    <File Path=".editorconfig" />
    <File Path=".gitignore" />
    <File Path="Directory.Build.props" />
    <File Path="Directory.Packages.props" />
    <File Path="LICENSE" />
    <File Path="README.md" />
  </Folder>
  <Folder Name="/solution-items/.claude/">
    <File Path=".claude/CLAUDE.md" />
    <File Path=".claude/settings.json" />
    <File Path=".mcp.json" />
  </Folder>
  <Folder Name="/Hosts/">
    <Project Path="Sergin.SharedKernel.Hosts/Sergin.SharedKernel.Hosts.csproj" />
    <Project Path="Sergin.SharedKernel.Hosts.WebApi/Sergin.SharedKernel.Hosts.WebApi.csproj" />
  </Folder>
  <Folder Name="/Infrastracture/">
    <Project Path="Sergin.SharedKernel.Infrastracture.Data/Sergin.SharedKernel.Infrastracture.Data.csproj" />
    <Project Path="Sergin.SharedKernel.Infrastracture.WebApi/Sergin.SharedKernel.Infrastracture.WebApi.csproj" />
    <Project Path="Sergin.SharedKernel.Infrastructure.Data.EFCore/Sergin.SharedKernel.Infrastructure.Data.EFCore.csproj" />
    <Project Path="Sergin.SharedKernel.Infrastructure/Sergin.SharedKernel.Infrastructure.csproj" />
  </Folder>
  <Folder Name="/Presentation/">
    <Project Path="Sergin.SharedKernel.Presentation.WebApi/Sergin.SharedKernel.Presentation.WebApi.csproj" />
    <Project Path="Sergin.SharedKernel.Presentation/Sergin.SharedKernel.Presentation.csproj" />
  </Folder>
  <Project Path="Sergin.SharedKernel.Application/Sergin.SharedKernel.Application.csproj" />
  <Project Path="Sergin.SharedKernel.Domain/Sergin.SharedKernel.Domain.csproj" />
  <Project Path="Sergin.SharedKernel.Modules/Sergin.SharedKernel.Modules.csproj" />
</Solution>
